
Microsoft Visual Studio Solution File, Format Version 12.00
# Visual Studio Version 16
VisualStudioVersion = 16.0.29411.108
MinimumVisualStudioVersion = 10.0.40219.1
Project("{FAE04EC0-301F-11D3-BF4B-00C04F79EFBC}") = "Password.BLL", "Password.BLL\Password.BLL.csproj", "{59CDCFED-DF44-4D1C-AFA4-D8007CE231F2}"
EndProject
Project("{FAE04EC0-301F-11D3-BF4B-00C04F79EFBC}") = "PasswordTool", "PasswordTool\PasswordTool.csproj", "{CD2C9332-3DCA-4247-9358-6F164CBE8ED3}"
EndProject
Global
	GlobalSection(SolutionConfigurationPlatforms) = preSolution
		Debug|Any CPU = Debug|Any CPU
		Release|Any CPU = Release|Any CPU
	EndGlobalSection
	GlobalSection(ProjectConfigurationPlatforms) = postSolution
		{59CDCFED-DF44-4D1C-AFA4-D8007CE231F2}.Debug|Any CPU.ActiveCfg = Debug|Any CPU
		{59CDCFED-DF44-4D1C-AFA4-D8007CE231F2}.Debug|Any CPU.Build.0 = Debug|Any CPU
		{59CDCFED-DF44-4D1C-AFA4-D8007CE231F2}.Release|Any CPU.ActiveCfg = Release|Any CPU
		{59CDCFED-DF44-4D1C-AFA4-D8007CE231F2}.Release|Any CPU.Build.0 = Release|Any CPU
		{CD2C9332-3DCA-4247-9358-6F164CBE8ED3}.Debug|Any CPU.ActiveCfg = Debug|Any CPU
		{CD2C9332-3DCA-4247-9358-6F164CBE8ED3}.Debug|Any CPU.Build.0 = Debug|Any CPU
		{CD2C9332-3DCA-4247-9358-6F164CBE8ED3}.Release|Any CPU.ActiveCfg = Release|Any CPU
		{CD2C9332-3DCA-4247-9358-6F164CBE8ED3}.Release|Any CPU.Build.0 = Release|Any CPU
	EndGlobalSection
	GlobalSection(SolutionProperties) = preSolution
		HideSolutionNode = FALSE
	EndGlobalSection
	GlobalSection(ExtensibilityGlobals) = postSolution
		SolutionGuid = {D6D1D6AA-87B5-450B-88C7-F87B5E46C73F}
	EndGlobalSection
EndGlobal
